{
  "version": "3",
  "redirects": {
    "https://deno.land/std/flags/mod.ts": "https://deno.land/std@0.208.0/flags/mod.ts"
  },
  "remote": {
    "https://deno.land/std@0.207.0/assert/assert.ts": "9a97dad6d98c238938e7540736b826440ad8c1c1e54430ca4c4e623e585607ee",
    "https://deno.land/std@0.207.0/assert/assertion_error.ts": "4d0bde9b374dfbcbe8ac23f54f567b77024fb67dbb1906a852d67fe050d42f56",
    "https://deno.land/std@0.207.0/cli/parse_args.ts": "9bea02050b3f302e706871ff87ecfa3ad82cc34249adbe0dcddfaac75bdb48ff",
    "https://deno.land/std@0.207.0/flags/mod.ts": "567a34800a33e701942cb1726dd7e627a76e4681c33ce7346ac85cf90f691a8e",
    "https://deno.land/std@0.208.0/assert/assert.ts": "9a97dad6d98c238938e7540736b826440ad8c1c1e54430ca4c4e623e585607ee",
    "https://deno.land/std@0.208.0/assert/assertion_error.ts": "4d0bde9b374dfbcbe8ac23f54f567b77024fb67dbb1906a852d67fe050d42f56",
    "https://deno.land/std@0.208.0/cli/parse_args.ts": "9bea02050b3f302e706871ff87ecfa3ad82cc34249adbe0dcddfaac75bdb48ff",
    "https://deno.land/std@0.208.0/flags/mod.ts": "567a34800a33e701942cb1726dd7e627a76e4681c33ce7346ac85cf90f691a8e",
    "https://deno.land/x/random@v1.1.2/Random.js": "cb23f3cdd4a453c61585c4ab4e5370eeb1786c9a75daaa7522d41ed4f056079c"
  }
}
